// !$*UTF8*$!
{
	archiveVersion = 1;
	classes = {
	};
	objectVersion = 46;
	objects = {

/* Begin PBXBuildFile section */
		089AE19D608688B597354B8C /* CoreGraphics.framework in Frameworks */ = {isa = PBXBuildFile; fileRef = E313B4E1998B3E73F946A23A /* CoreGraphics.framework */; };
		097443264C91B22D27A939D3 /* Foundation.framework in Frameworks */ = {isa = PBXBuildFile; fileRef = A197C2A9780E0BF61F0769BA /* Foundation.framework */; };
		5097371B02B91A75B3ED7504 /* CoreData.framework in Frameworks */ = {isa = PBXBuildFile; fileRef = A3B0D8F1F95FD0417D9C5BF5 /* CoreData.framework */; };
		62C852B065DBB1751DD88513 /* QuartzCore.framework in Frameworks */ = {isa = PBXBuildFile; fileRef = 5926AFE027692816D3B61922 /* QuartzCore.framework */; };
		A2992EE2A02D4AF4E6045EE1 /* Stubs.m in Sources */ = {isa = PBXBuildFile; fileRef = 692381A1B39D3460C45272F6 /* Stubs.m */; };
/* End PBXBuildFile section */

/* Begin PBXFileReference section */
		5926AFE027692816D3B61922 /* QuartzCore.framework */ = {isa = PBXFileReference; lastKnownFileType = wrapper.framework; name = QuartzCore.framework; path = Platforms/iPhoneOS.platform/Developer/SDKs/iPhoneOS8.3.sdk/System/Library/Frameworks/QuartzCore.framework; sourceTree = DEVELOPER_DIR; };
		5AF25A1A384476C7D051E127 /* Default-667h@2x.png */ = {isa = PBXFileReference; includeInIndex = 1; lastKnownFileType = image.png; path = "Default-667h@2x.png"; sourceTree = "<group>"; };
		6558D2EC152BB40B0BDB6DC2 /* Default-736h@3x.png */ = {isa = PBXFileReference; includeInIndex = 1; lastKnownFileType = image.png; path = "Default-736h@3x.png"; sourceTree = "<group>"; };
		692381A1B39D3460C45272F6 /* Stubs.m */ = {isa = PBXFileReference; includeInIndex = 1; lastKnownFileType = sourcecode.c.objc; path = Stubs.m; sourceTree = "<group>"; };
		93BEC7ED6A46B0D00DC4368F /* Default-568h@2x.png */ = {isa = PBXFileReference; includeInIndex = 1; lastKnownFileType = image.png; path = "Default-568h@2x.png"; sourceTree = "<group>"; };
		A197C2A9780E0BF61F0769BA /* Foundation.framework */ = {isa = PBXFileReference; lastKnownFileType = wrapper.framework; name = Foundation.framework; path = Platforms/iPhoneOS.platform/Developer/SDKs/iPhoneOS8.3.sdk/System/Library/Frameworks/Foundation.framework; sourceTree = DEVELOPER_DIR; };
		A3B0D8F1F95FD0417D9C5BF5 /* CoreData.framework */ = {isa = PBXFileReference; lastKnownFileType = wrapper.framework; name = CoreData.framework; path = Platforms/iPhoneOS.platform/Developer/SDKs/iPhoneOS8.3.sdk/System/Library/Frameworks/CoreData.framework; sourceTree = DEVELOPER_DIR; };
		BE83D4768D8EBDB8FF30C27A /* libib.a */ = {isa = PBXFileReference; explicitFileType = archive.ar; includeInIndex = 0; path = libib.a; sourceTree = BUILT_PRODUCTS_DIR; };
		CA9869841B49716700E2FEBB /* MainStoryboard.storyboard */ = {isa = PBXFileReference; fileEncoding = 4; lastKnownFileType = file.storyboard; path = MainStoryboard.storyboard; sourceTree = "<group>"; };
		CCBAF9FEDA255368736DF7DE /* Stubs.h */ = {isa = PBXFileReference; includeInIndex = 1; lastKnownFileType = sourcecode.c.h; path = Stubs.h; sourceTree = "<group>"; };
		E313B4E1998B3E73F946A23A /* CoreGraphics.framework */ = {isa = PBXFileReference; lastKnownFileType = wrapper.framework; name = CoreGraphics.framework; path = Platforms/iPhoneOS.platform/Developer/SDKs/iPhoneOS8.3.sdk/System/Library/Frameworks/CoreGraphics.framework; sourceTree = DEVELOPER_DIR; };
/* End PBXFileReference section */

/* Begin PBXFrameworksBuildPhase section */
		E8782ADB826849F4233EFD7E /* Frameworks */ = {
			isa = PBXFrameworksBuildPhase;
			buildActionMask = 2147483647;
			files = (
				097443264C91B22D27A939D3 /* Foundation.framework in Frameworks */,
				62C852B065DBB1751DD88513 /* QuartzCore.framework in Frameworks */,
				089AE19D608688B597354B8C /* CoreGraphics.framework in Frameworks */,
				5097371B02B91A75B3ED7504 /* CoreData.framework in Frameworks */,
			);
			runOnlyForDeploymentPostprocessing = 0;
		};
/* End PBXFrameworksBuildPhase section */

/* Begin PBXGroup section */
		14030EB56C8DFEA4F0BBFE6C /* Pods */ = {
			isa = PBXGroup;
			children = (
			);
			name = Pods;
			path = "/Users/Kingsley/ruby-motion/Paint/vendor/Pods/Headers";
			sourceTree = "<group>";
		};
		184EC5BBA71A3CE32C0CD3AC /* resources */ = {
			isa = PBXGroup;
			children = (
				93BEC7ED6A46B0D00DC4368F /* Default-568h@2x.png */,
				5AF25A1A384476C7D051E127 /* Default-667h@2x.png */,
				6558D2EC152BB40B0BDB6DC2 /* Default-736h@3x.png */,
			);
			name = resources;
			path = ./resources;
			sourceTree = "<group>";
		};
		1B61D690026DB33A62DD7AAC /* Products */ = {
			isa = PBXGroup;
			children = (
				BE83D4768D8EBDB8FF30C27A /* libib.a */,
			);
			name = Products;
			sourceTree = "<group>";
		};
		83FB0F264B3EB2C30F1A9D27 /* Supporting Files */ = {
			isa = PBXGroup;
			children = (
				CCBAF9FEDA255368736DF7DE /* Stubs.h */,
				692381A1B39D3460C45272F6 /* Stubs.m */,
			);
			name = "Supporting Files";
			path = "/Users/Kingsley/ruby-motion/Paint/ib.xcodeproj";
			sourceTree = "<group>";
		};
		97518091EE7C35CBD79FCAA8 /* Frameworks */ = {
			isa = PBXGroup;
			children = (
				FE3050C415F450E0A638AC6F /* iOS */,
			);
			name = Frameworks;
			sourceTree = "<group>";
		};
		AC70DA0112C1E4AF3A7780D7 = {
			isa = PBXGroup;
			children = (
				CA9869841B49716700E2FEBB /* MainStoryboard.storyboard */,
				1B61D690026DB33A62DD7AAC /* Products */,
				97518091EE7C35CBD79FCAA8 /* Frameworks */,
				83FB0F264B3EB2C30F1A9D27 /* Supporting Files */,
				14030EB56C8DFEA4F0BBFE6C /* Pods */,
				C7AFE273B0ACE51BD7456B0F /* Resources */,
			);
			sourceTree = "<group>";
		};
		C7AFE273B0ACE51BD7456B0F /* Resources */ = {
			isa = PBXGroup;
			children = (
				184EC5BBA71A3CE32C0CD3AC /* resources */,
			);
			name = Resources;
			sourceTree = "<group>";
		};
		FE3050C415F450E0A638AC6F /* iOS */ = {
			isa = PBXGroup;
			children = (
				A197C2A9780E0BF61F0769BA /* Foundation.framework */,
				5926AFE027692816D3B61922 /* QuartzCore.framework */,
				E313B4E1998B3E73F946A23A /* CoreGraphics.framework */,
				A3B0D8F1F95FD0417D9C5BF5 /* CoreData.framework */,
			);
			name = iOS;
			sourceTree = "<group>";
		};
/* End PBXGroup section */

/* Begin PBXNativeTarget section */
		3AD5C5B87491D3E0EE9337A1 /* ib */ = {
			isa = PBXNativeTarget;
			buildConfigurationList = C491025C7B2C28E3EC176F2A /* Build configuration list for PBXNativeTarget "ib" */;
			buildPhases = (
				7964DCB77D75C9D43D84EA5B /* Sources */,
				E8782ADB826849F4233EFD7E /* Frameworks */,
			);
			buildRules = (
			);
			dependencies = (
			);
			name = ib;
			productName = ib;
			productReference = BE83D4768D8EBDB8FF30C27A /* libib.a */;
			productType = "com.apple.product-type.library.static";
		};
/* End PBXNativeTarget section */

/* Begin PBXProject section */
		26ACCF6C2145FC425BDB8D61 /* Project object */ = {
			isa = PBXProject;
			attributes = {
				LastSwiftUpdateCheck = 0700;
				LastUpgradeCheck = 0700;
			};
			buildConfigurationList = DEADB745368A12F3ADF4049F /* Build configuration list for PBXProject "ib" */;
			compatibilityVersion = "Xcode 3.2";
			developmentRegion = English;
			hasScannedForEncodings = 0;
			knownRegions = (
				en,
			);
			mainGroup = AC70DA0112C1E4AF3A7780D7;
			productRefGroup = 1B61D690026DB33A62DD7AAC /* Products */;
			projectDirPath = "";
			projectRoot = "";
			targets = (
				3AD5C5B87491D3E0EE9337A1 /* ib */,
			);
		};
/* End PBXProject section */

/* Begin PBXSourcesBuildPhase section */
		7964DCB77D75C9D43D84EA5B /* Sources */ = {
			isa = PBXSourcesBuildPhase;
			buildActionMask = 2147483647;
			files = (
				A2992EE2A02D4AF4E6045EE1 /* Stubs.m in Sources */,
			);
			runOnlyForDeploymentPostprocessing = 0;
		};
/* End PBXSourcesBuildPhase section */

/* Begin XCBuildConfiguration section */
		43669654D9AAD04236D25129 /* Release */ = {
			isa = XCBuildConfiguration;
			buildSettings = {
				ALWAYS_SEARCH_USER_PATHS = NO;
				CLANG_CXX_LANGUAGE_STANDARD = "gnu++0x";
				CLANG_CXX_LIBRARY = "libc++";
				CLANG_ENABLE_MODULES = YES;
				CLANG_ENABLE_OBJC_ARC = YES;
				CLANG_WARN_BOOL_CONVERSION = YES;
				CLANG_WARN_CONSTANT_CONVERSION = YES;
				CLANG_WARN_DIRECT_OBJC_ISA_USAGE = YES;
				CLANG_WARN_EMPTY_BODY = YES;
				CLANG_WARN_ENUM_CONVERSION = YES;
				CLANG_WARN_INT_CONVERSION = YES;
				CLANG_WARN_OBJC_ROOT_CLASS = YES;
				CLANG_WARN_UNREACHABLE_CODE = YES;
				CLANG_WARN__DUPLICATE_METHOD_MATCH = YES;
				COPY_PHASE_STRIP = YES;
				ENABLE_NS_ASSERTIONS = NO;
				GCC_C_LANGUAGE_STANDARD = gnu99;
				GCC_WARN_64_TO_32_BIT_CONVERSION = YES;
				GCC_WARN_ABOUT_RETURN_TYPE = YES;
				GCC_WARN_UNDECLARED_SELECTOR = YES;
				GCC_WARN_UNINITIALIZED_AUTOS = YES;
				GCC_WARN_UNUSED_FUNCTION = YES;
				GCC_WARN_UNUSED_VARIABLE = YES;
				VALIDATE_PRODUCT = YES;
			};
			name = Release;
		};
		71E16C4D09C83F2F995220AC /* Debug */ = {
			isa = XCBuildConfiguration;
			buildSettings = {
				ENABLE_STRICT_OBJC_MSGSEND = YES;
				MTL_ENABLE_DEBUG_INFO = YES;
				OTHER_LDFLAGS = "-ObjC";
				PRODUCT_NAME = "$(TARGET_NAME)";
				SDKROOT = iphoneos;
				SKIP_INSTALL = YES;
			};
			name = Debug;
		};
		A753A3F66FE47D63AED0D26A /* Release */ = {
			isa = XCBuildConfiguration;
			buildSettings = {
				ENABLE_STRICT_OBJC_MSGSEND = YES;
				MTL_ENABLE_DEBUG_INFO = NO;
				OTHER_LDFLAGS = "-ObjC";
				PRODUCT_NAME = "$(TARGET_NAME)";
				SDKROOT = iphoneos;
				SKIP_INSTALL = YES;
			};
			name = Release;
		};
		E497A7B907DC817AC95CBB2F /* Debug */ = {
			isa = XCBuildConfiguration;
			buildSettings = {
				ALWAYS_SEARCH_USER_PATHS = NO;
				CLANG_CXX_LANGUAGE_STANDARD = "gnu++0x";
				CLANG_CXX_LIBRARY = "libc++";
				CLANG_ENABLE_MODULES = YES;
				CLANG_ENABLE_OBJC_ARC = YES;
				CLANG_WARN_BOOL_CONVERSION = YES;
				CLANG_WARN_CONSTANT_CONVERSION = YES;
				CLANG_WARN_DIRECT_OBJC_ISA_USAGE = YES;
				CLANG_WARN_EMPTY_BODY = YES;
				CLANG_WARN_ENUM_CONVERSION = YES;
				CLANG_WARN_INT_CONVERSION = YES;
				CLANG_WARN_OBJC_ROOT_CLASS = YES;
				CLANG_WARN_UNREACHABLE_CODE = YES;
				CLANG_WARN__DUPLICATE_METHOD_MATCH = YES;
				COPY_PHASE_STRIP = NO;
				GCC_C_LANGUAGE_STANDARD = gnu99;
				GCC_DYNAMIC_NO_PIC = NO;
				GCC_OPTIMIZATION_LEVEL = 0;
				GCC_PREPROCESSOR_DEFINITIONS = (
					"DEBUG=1",
					"$(inherited)",
				);
				GCC_SYMBOLS_PRIVATE_EXTERN = NO;
				GCC_WARN_64_TO_32_BIT_CONVERSION = YES;
				GCC_WARN_ABOUT_RETURN_TYPE = YES;
				GCC_WARN_UNDECLARED_SELECTOR = YES;
				GCC_WARN_UNINITIALIZED_AUTOS = YES;
				GCC_WARN_UNUSED_FUNCTION = YES;
				GCC_WARN_UNUSED_VARIABLE = YES;
				ONLY_ACTIVE_ARCH = YES;
			};
			name = Debug;
		};
/* End XCBuildConfiguration section */

/* Begin XCConfigurationList section */
		C491025C7B2C28E3EC176F2A /* Build configuration list for PBXNativeTarget "ib" */ = {
			isa = XCConfigurationList;
			buildConfigurations = (
				A753A3F66FE47D63AED0D26A /* Release */,
				71E16C4D09C83F2F995220AC /* Debug */,
			);
			defaultConfigurationIsVisible = 0;
			defaultConfigurationName = Release;
		};
		DEADB745368A12F3ADF4049F /* Build configuration list for PBXProject "ib" */ = {
			isa = XCConfigurationList;
			buildConfigurations = (
				E497A7B907DC817AC95CBB2F /* Debug */,
				43669654D9AAD04236D25129 /* Release */,
			);
			defaultConfigurationIsVisible = 0;
			defaultConfigurationName = Release;
		};
/* End XCConfigurationList section */
	};
	rootObject = 26ACCF6C2145FC425BDB8D61 /* Project object */;
}
